
Microsoft Visual Studio Solution File, Format Version 12.00
# Visual Studio 15
VisualStudioVersion = 15.0.28307.645
MinimumVisualStudioVersion = 10.0.40219.1
Project("{FAE04EC0-301F-11D3-BF4B-00C04F79EFBC}") = "xcom2-launcher", "xcom2-launcher\xcom2-launcher.csproj", "{FC343C56-9BC8-483A-A254-3484B2137E24}"
EndProject
Global
	GlobalSection(SolutionConfigurationPlatforms) = preSolution
		Beta|Any CPU = Beta|Any CPU
		Debug|Any CPU = Debug|Any CPU
		Release|Any CPU = Release|Any CPU
	EndGlobalSection
	GlobalSection(ProjectConfigurationPlatforms) = postSolution
		{FC343C56-9BC8-483A-A254-3484B2137E24}.Beta|Any CPU.ActiveCfg = Release|Any CPU
		{FC343C56-9BC8-483A-A254-3484B2137E24}.Beta|Any CPU.Build.0 = Release|Any CPU
		{FC343C56-9BC8-483A-A254-3484B2137E24}.Debug|Any CPU.ActiveCfg = Debug|Any CPU
		{FC343C56-9BC8-483A-A254-3484B2137E24}.Debug|Any CPU.Build.0 = Debug|Any CPU
		{FC343C56-9BC8-483A-A254-3484B2137E24}.Release|Any CPU.ActiveCfg = Release|Any CPU
		{FC343C56-9BC8-483A-A254-3484B2137E24}.Release|Any CPU.Build.0 = Release|Any CPU
	EndGlobalSection
	GlobalSection(SolutionProperties) = preSolution
		HideSolutionNode = FALSE
	EndGlobalSection
	GlobalSection(ExtensibilityGlobals) = postSolution
		SolutionGuid = {C2CD1815-0DED-406E-84C5-DC693AD2FA64}
	EndGlobalSection
EndGlobal
